# This file is automatically @generated by Poetry and should not be changed by hand.

[[package]]
name = "asgiref"
version = "3.5.2"
description = "ASGI specs, helper code, and adapters"
category = "main"
optional = false
python-versions = ">=3.7"
files = [
    {file = "asgiref-3.5.2-py3-none-any.whl", hash = "sha256:1d2880b792ae8757289136f1db2b7b99100ce959b2aa57fd69dab783d05afac4"},
    {file = "asgiref-3.5.2.tar.gz", hash = "sha256:4a29362a6acebe09bf1d6640db38c1dc3d9217c68e6f9f6204d72667fc19a424"},
]

[package.dependencies]
typing-extensions = {version = "*", markers = "python_version < \"3.8\""}

[package.extras]
tests = ["mypy (>=0.800)", "pytest", "pytest-asyncio"]

[[package]]
name = "django"
version = "3.2.17"
description = "A high-level Python Web framework that encourages rapid development and clean, pragmatic design."
category = "main"
optional = false
python-versions = ">=3.6"
files = [
    {file = "Django-3.2.17-py3-none-any.whl", hash = "sha256:59c39fc342b242fb42b6b040ad8b1b4c15df438706c1d970d416d63cdd73e7fd"},
    {file = "Django-3.2.17.tar.gz", hash = "sha256:644288341f06ebe4938eec6801b6bd59a6534a78e4aedde2a153075d11143894"},
]

[package.dependencies]
asgiref = ">=3.3.2,<4"
pytz = "*"
sqlparse = ">=0.2.2"

[package.extras]
argon2 = ["argon2-cffi (>=19.1.0)"]
bcrypt = ["bcrypt"]

[[package]]
name = "django-filter"
version = "22.1"
description = "Django-filter is a reusable Django application for allowing users to filter querysets dynamically."
category = "main"
optional = false
python-versions = ">=3.7"
files = [
    {file = "django-filter-22.1.tar.gz", hash = "sha256:ed473b76e84f7e83b2511bb2050c3efb36d135207d0128dfe3ae4b36e3594ba5"},
    {file = "django_filter-22.1-py3-none-any.whl", hash = "sha256:ed429e34760127e3520a67f415bec4c905d4649fbe45d0d6da37e6ff5e0287eb"},
]

[package.dependencies]
Django = ">=3.2"

[[package]]
name = "django-model-utils"
version = "4.2.0"
description = "Django model mixins and utilities"
category = "main"
optional = false
python-versions = "*"
files = [
    {file = "django-model-utils-4.2.0.tar.gz", hash = "sha256:e7a95e102f9c9653427eadab980d5d59e1dea972913b9c9e01ac37f86bba0ddf"},
    {file = "django_model_utils-4.2.0-py3-none-any.whl", hash = "sha256:a768a25c80514e0ad4e4a6f9c02c44498985f36c5dfdea47b5b1e8cf994beba6"},
]

[package.dependencies]
Django = ">=2.0.1"

[[package]]
name = "djangorestframework"
version = "3.13.1"
description = "Web APIs for Django, made easy."
category = "main"
optional = false
python-versions = ">=3.6"
files = [
    {file = "djangorestframework-3.13.1-py3-none-any.whl", hash = "sha256:24c4bf58ed7e85d1fe4ba250ab2da926d263cd57d64b03e8dcef0ac683f8b1aa"},
    {file = "djangorestframework-3.13.1.tar.gz", hash = "sha256:0c33407ce23acc68eca2a6e46424b008c9c02eceb8cf18581921d0092bc1f2ee"},
]

[package.dependencies]
django = ">=2.2"
pytz = "*"

[[package]]
name = "pytz"
version = "2022.1"
description = "World timezone definitions, modern and historical"
category = "main"
optional = false
python-versions = "*"
files = [
    {file = "pytz-2022.1-py2.py3-none-any.whl", hash = "sha256:e68985985296d9a66a881eb3193b0906246245294a881e7c8afe623866ac6a5c"},
    {file = "pytz-2022.1.tar.gz", hash = "sha256:1e760e2fe6a8163bc0b3d9a19c4f84342afa0a2affebfaa84b01b978a02ecaa7"},
]

[[package]]
name = "sqlparse"
version = "0.4.2"
description = "A non-validating SQL parser."
category = "main"
optional = false
python-versions = ">=3.5"
files = [
    {file = "sqlparse-0.4.2-py3-none-any.whl", hash = "sha256:48719e356bb8b42991bdbb1e8b83223757b93789c00910a616a071910ca4a64d"},
    {file = "sqlparse-0.4.2.tar.gz", hash = "sha256:0c00730c74263a94e5a9919ade150dfc3b19c574389985446148402998287dae"},
]

[[package]]
name = "typing-extensions"
version = "4.3.0"
description = "Backported and Experimental Type Hints for Python 3.7+"
category = "main"
optional = false
python-versions = ">=3.7"
files = [
    {file = "typing_extensions-4.3.0-py3-none-any.whl", hash = "sha256:25642c956049920a5aa49edcdd6ab1e06d7e5d467fc00e0506c44ac86fbfca02"},
    {file = "typing_extensions-4.3.0.tar.gz", hash = "sha256:e6d2677a32f47fc7eb2795db1dd15c1f34eff616bcaf2cfb5e997f854fa1c4a6"},
]

[metadata]
lock-version = "2.0"
python-versions = "^3.7"
content-hash = "9e554a268dce5d0d893a7ad4c3359c07dc05226a8e6e78a5672385e768f264e4"
